
Microsoft Visual Studio Solution File, Format Version 12.00
# Visual Studio Version 16
VisualStudioVersion = 16.0.32228.343
MinimumVisualStudioVersion = 10.0.40219.1
Project("{FAE04EC0-301F-11D3-BF4B-00C04F79EFBC}") = "TMS", "TMS\TMS.csproj", "{2CEDE7F5-504A-4740-861F-2061A4BF0E95}"
EndProject
Project("{FAE04EC0-301F-11D3-BF4B-00C04F79EFBC}") = "BLL", "BLL\BLL.csproj", "{55A2ED5F-506F-4164-BCD4-BDCD55F14DF4}"
EndProject
Project("{FAE04EC0-301F-11D3-BF4B-00C04F79EFBC}") = "DAL", "DAL\DAL.csproj", "{62B3AF9F-6FDC-4CE7-962C-9C7126FA7FC3}"
EndProject
Global
	GlobalSection(SolutionConfigurationPlatforms) = preSolution
		Debug|Any CPU = Debug|Any CPU
		Release|Any CPU = Release|Any CPU
	EndGlobalSection
	GlobalSection(ProjectConfigurationPlatforms) = postSolution
		{2CEDE7F5-504A-4740-861F-2061A4BF0E95}.Debug|Any CPU.ActiveCfg = Debug|Any CPU
		{2CEDE7F5-504A-4740-861F-2061A4BF0E95}.Debug|Any CPU.Build.0 = Debug|Any CPU
		{2CEDE7F5-504A-4740-861F-2061A4BF0E95}.Release|Any CPU.ActiveCfg = Release|Any CPU
		{2CEDE7F5-504A-4740-861F-2061A4BF0E95}.Release|Any CPU.Build.0 = Release|Any CPU
		{55A2ED5F-506F-4164-BCD4-BDCD55F14DF4}.Debug|Any CPU.ActiveCfg = Debug|Any CPU
		{55A2ED5F-506F-4164-BCD4-BDCD55F14DF4}.Debug|Any CPU.Build.0 = Debug|Any CPU
		{55A2ED5F-506F-4164-BCD4-BDCD55F14DF4}.Release|Any CPU.ActiveCfg = Release|Any CPU
		{55A2ED5F-506F-4164-BCD4-BDCD55F14DF4}.Release|Any CPU.Build.0 = Release|Any CPU
		{62B3AF9F-6FDC-4CE7-962C-9C7126FA7FC3}.Debug|Any CPU.ActiveCfg = Debug|Any CPU
		{62B3AF9F-6FDC-4CE7-962C-9C7126FA7FC3}.Debug|Any CPU.Build.0 = Debug|Any CPU
		{62B3AF9F-6FDC-4CE7-962C-9C7126FA7FC3}.Release|Any CPU.ActiveCfg = Release|Any CPU
		{62B3AF9F-6FDC-4CE7-962C-9C7126FA7FC3}.Release|Any CPU.Build.0 = Release|Any CPU
	EndGlobalSection
	GlobalSection(SolutionProperties) = preSolution
		HideSolutionNode = FALSE
	EndGlobalSection
	GlobalSection(ExtensibilityGlobals) = postSolution
		SolutionGuid = {C1E31F15-7B13-468B-9CC7-87F21AAA6580}
	EndGlobalSection
EndGlobal
